
Microsoft Visual Studio Solution File, Format Version 12.00
# Visual Studio Version 17
VisualStudioVersion = 17.8.34330.188
MinimumVisualStudioVersion = 10.0.40219.1
Project("{9A19103F-16F7-4668-BE54-9A1E7A4F7556}") = "Shortener.Domain", "Shortener.Domain\Shortener.Domain.csproj", "{1729B272-34C5-413B-9209-31C5045B5D51}"
EndProject
Project("{9A19103F-16F7-4668-BE54-9A1E7A4F7556}") = "Shortener.Migrations", "Shortener.Migrations\Shortener.Migrations.csproj", "{3BBFD80F-77C3-4490-9369-2FBF27DFD01B}"
EndProject
Project("{9A19103F-16F7-4668-BE54-9A1E7A4F7556}") = "Shortener.WebApi", "Shortener.WebApi\Shortener.WebApi.csproj", "{8B47E618-60BF-4F8E-8AFD-22B82BCCC2F0}"
EndProject
Project("{9A19103F-16F7-4668-BE54-9A1E7A4F7556}") = "Shortener.Common", "Shortener.Common\Shortener.Common.csproj", "{B553E72A-3907-40A5-A531-2F261C850D7B}"
EndProject
Global
	GlobalSection(SolutionConfigurationPlatforms) = preSolution
		Debug|Any CPU = Debug|Any CPU
		Release|Any CPU = Release|Any CPU
	EndGlobalSection
	GlobalSection(ProjectConfigurationPlatforms) = postSolution
		{1729B272-34C5-413B-9209-31C5045B5D51}.Debug|Any CPU.ActiveCfg = Debug|Any CPU
		{1729B272-34C5-413B-9209-31C5045B5D51}.Debug|Any CPU.Build.0 = Debug|Any CPU
		{1729B272-34C5-413B-9209-31C5045B5D51}.Release|Any CPU.ActiveCfg = Release|Any CPU
		{1729B272-34C5-413B-9209-31C5045B5D51}.Release|Any CPU.Build.0 = Release|Any CPU
		{3BBFD80F-77C3-4490-9369-2FBF27DFD01B}.Debug|Any CPU.ActiveCfg = Debug|Any CPU
		{3BBFD80F-77C3-4490-9369-2FBF27DFD01B}.Debug|Any CPU.Build.0 = Debug|Any CPU
		{3BBFD80F-77C3-4490-9369-2FBF27DFD01B}.Release|Any CPU.ActiveCfg = Release|Any CPU
		{3BBFD80F-77C3-4490-9369-2FBF27DFD01B}.Release|Any CPU.Build.0 = Release|Any CPU
		{8B47E618-60BF-4F8E-8AFD-22B82BCCC2F0}.Debug|Any CPU.ActiveCfg = Debug|Any CPU
		{8B47E618-60BF-4F8E-8AFD-22B82BCCC2F0}.Debug|Any CPU.Build.0 = Debug|Any CPU
		{8B47E618-60BF-4F8E-8AFD-22B82BCCC2F0}.Release|Any CPU.ActiveCfg = Release|Any CPU
		{8B47E618-60BF-4F8E-8AFD-22B82BCCC2F0}.Release|Any CPU.Build.0 = Release|Any CPU
		{B553E72A-3907-40A5-A531-2F261C850D7B}.Debug|Any CPU.ActiveCfg = Debug|Any CPU
		{B553E72A-3907-40A5-A531-2F261C850D7B}.Debug|Any CPU.Build.0 = Debug|Any CPU
		{B553E72A-3907-40A5-A531-2F261C850D7B}.Release|Any CPU.ActiveCfg = Release|Any CPU
		{B553E72A-3907-40A5-A531-2F261C850D7B}.Release|Any CPU.Build.0 = Release|Any CPU
	EndGlobalSection
	GlobalSection(SolutionProperties) = preSolution
		HideSolutionNode = FALSE
	EndGlobalSection
	GlobalSection(ExtensibilityGlobals) = postSolution
		SolutionGuid = {BB68BF2A-78CE-4807-B6B3-706BA145ADCE}
	EndGlobalSection
EndGlobal
